version = 1
revision = 3
requires-python = ">=3.12"

[[package]]
name = "hidapi"
version = "0.15.0"
source = { registry = "https://pypi.org/simple" }
sdist = { url = "https://files.pythonhosted.org/packages/74/f6/caad9ed701fbb9223eb9e0b41a5514390769b4cb3084a2704ab69e9df0fe/hidapi-0.15.0.tar.gz", hash = "sha256:ecbc265cbe8b7b88755f421e0ba25f084091ec550c2b90ff9e8ddd4fcd540311", size = 184995, upload-time = "2025-12-09T09:48:54.129Z" }
wheels = [
    { url = "https://files.pythonhosted.org/packages/b3/fd/9076aba0736f339b71bda5ee26cb678c02420bf96c7ea5bd9ebcbaf0aa3c/hidapi-0.15.0-cp312-cp312-macosx_10_13_x86_64.whl", hash = "sha256:0b7eb950214191c936b5bdabaeaf1cab99c0dfc3ae3edc220e3c6d4547296053", size = 70157, upload-time = "2025-12-09T09:45:25.77Z" },
    { url = "https://files.pythonhosted.org/packages/4e/9c/9335957cb7e1ca1be997e97afe850f62a9ff0708015048b3871b553eed5c/hidapi-0.15.0-cp312-cp312-macosx_11_0_arm64.whl", hash = "sha256:27933e7f3da7007e5e8d0b25bcf48a79a74e802555e496bba2c7d87f8a77cd61", size = 69597, upload-time = "2025-12-09T09:45:26.707Z" },
    { url = "https://files.pythonhosted.org/packages/de/bc/0eb92f4f238adc8edc3decb859662cf87e302b0a6ecdabe0e4d0560eb5fd/hidapi-0.15.0-cp312-cp312-manylinux2014_x86_64.manylinux_2_17_x86_64.whl", hash = "sha256:cfdbc74d5c4b5fdeef58a246d80f7dbf4ca33fe741c889505a4a350dd2eb54fb", size = 1082139, upload-time = "2025-12-09T09:45:32.799Z" },
    { url = "https://files.pythonhosted.org/packages/03/04/856827cfecaa89091ed470f697e3f9cfb172fc852960e6b902e765d7d650/hidapi-0.15.0-cp312-cp312-manylinux_2_28_aarch64.whl", hash = "sha256:4b7b6207c1c7df3524e9d4019c7196547327636e9924010b9b0bf0c40029e329", size = 1620074, upload-time = "2025-12-09T09:45:28.573Z" },
    { url = "https://files.pythonhosted.org/packages/fa/63/1338cf0e273d95e07202e391b17198f27bd2cfef71348707eac98cd8db2b/hidapi-0.15.0-cp312-cp312-manylinux_2_28_i686.whl", hash = "sha256:908e4b8c35041aa800b51094fd9fbaa5d6161bfb71e55821f43c6433f54e2865", size = 1689689, upload-time = "2025-12-09T09:45:31.195Z" },
    { url = "https://files.pythonhosted.org/packages/84/08/28ce99698e14bb6bdf9d0dcf7ab45ab86d8bade894885aa15bb3fa43bcc1/hidapi-0.15.0-cp312-cp312-musllinux_1_2_aarch64.whl", hash = "sha256:f9356fffebf723ccfbf0f9370d3725de37b3e2f1f6bffc40c3466f854542861c", size = 713596, upload-time = "2025-12-09T09:45:34.564Z" },
    { url = "https://files.pythonhosted.org/packages/a5/16/23e446e2d0ad0d75de149d94f8e6313329aec4d7c18d027e56f5a386779e/hidapi-0.15.0-cp312-cp312-musllinux_1_2_i686.whl", hash = "sha256:fd082e13ca92bbd7a4ec65d9fbd9ef06ecd71798ce9f036b7144b3d498623a7e", size = 697243, upload-time = "2025-12-09T09:45:36.537Z" },
    { url = "https://files.pythonhosted.org/packages/af/ef/e2fa4d795235eb09951f806bbfdbd766d1be805df448d67918e828b7cb31/hidapi-0.15.0-cp312-cp312-musllinux_1_2_x86_64.whl", hash = "sha256:35eb5797d86306bd67aee80ad8973ab0a0b4e6d54018d3efb328767d0e8c9373", size = 717599, upload-time = "2025-12-09T09:45:37.825Z" },
    { url = "https://files.pythonhosted.org/packages/e7/a7/9b7fe9acd09ed90d702f8cc01190ab53e01d5022c21808b079144bc9017d/hidapi-0.15.0-cp312-cp312-win32.whl", hash = "sha256:ce6f99554dae15c48cd89a12d5aede77a92a8bd184b45d0b257a17c97e053cdb", size = 60136, upload-time = "2025-12-09T09:45:40.612Z" },
    { url = "https://files.pythonhosted.org/packages/7f/35/f9e2d3ead60b573140546b041dd41c78a48c0e6b573d61a03130adccd32e/hidapi-0.15.0-cp312-cp312-win_amd64.whl", hash = "sha256:9abc71a62bf8a8f1d70a6fd3613f86feb37ddb67e05ed934e734df79e27bf4f6", size = 67073, upload-time = "2025-12-09T09:45:39.261Z" },
    { url = "https://files.pythonhosted.org/packages/d1/19/bda2dce4af8b8028e6d611d5caf60e223a4d32a638d1155eefdc6d8f2462/hidapi-0.15.0-cp313-cp313-macosx_10_13_x86_64.whl", hash = "sha256:f336dd2dc308928d54a6fdce137814a941a3633ad6722919d7a3142dd99005c2", size = 69045, upload-time = "2025-12-09T09:45:41.534Z" },
    { url = "https://files.pythonhosted.org/packages/1b/18/9b7d6b6a7561654b9b0d7b22fba9c5c971b36f5fc541b04e02d71928349d/hidapi-0.15.0-cp313-cp313-macosx_11_0_arm64.whl", hash = "sha256:8017f2213810c3e57d9ab64c2328c593a1129b25804240108a6451fe35cde193", size = 68755, upload-time = "2025-12-09T09:45:42.464Z" },
    { url = "https://files.pythonhosted.org/packages/f1/b0/f144cee5ce9e45518d234fd07c7a4f9a66de3a78ed42bf9f3f4083165e10/hidapi-0.15.0-cp313-cp313-manylinux2014_x86_64.manylinux_2_17_x86_64.whl", hash = "sha256:208c7fc89f78c3448d55957c3e12893778aa91218ed7dc22697e554f091fe4fe", size = 1072286, upload-time = "2025-12-09T09:45:47.236Z" },
    { url = "https://files.pythonhosted.org/packages/47/bf/7fee015cc48b719bd40c6416f65084a900e7889f0cf52fcfedb9be107b10/hidapi-0.15.0-cp313-cp313-manylinux_2_28_aarch64.whl", hash = "sha256:90f8bd963ae43a44036af5d689d090fab0e3eb52861186e4d2b863dd910a2726", size = 1609789, upload-time = "2025-12-09T09:45:44.112Z" },
    { url = "https://files.pythonhosted.org/packages/d3/b6/ac33532711c2ecda5a22d8b2db3223c8a13f16db6d2793ee73a809cca5b6/hidapi-0.15.0-cp313-cp313-manylinux_2_28_i686.whl", hash = "sha256:cd6edc7af885755163f4ffb29639c14f8a4ad5cca13ed641e47aa11f9646d8b6", size = 1680636, upload-time = "2025-12-09T09:45:45.67Z" },
    { url = "https://files.pythonhosted.org/packages/a3/e1/5b4426b8a77f9efbef70c0dbc1d64602d36ea8878f76c3607959901c978c/hidapi-0.15.0-cp313-cp313-musllinux_1_2_aarch64.whl", hash = "sha256:6ef0f80b2ff32ba446c9a2d4bfca6623ab5f0c05d742a0161ea1f7af2dc33b12", size = 708617, upload-time = "2025-12-09T09:45:48.874Z" },
    { url = "https://files.pythonhosted.org/packages/bb/a6/1ecdadc3e19f6755eed40f2111f447ec071e3d4f5f4f99b95d26a6d67219/hidapi-0.15.0-cp313-cp313-musllinux_1_2_i686.whl", hash = "sha256:6106d10873c1e465a2764e979fb96ec0d16bb926eedac829310830f90816cc76", size = 689589, upload-time = "2025-12-09T09:45:50.328Z" },
    { url = "https://files.pythonhosted.org/packages/d6/02/579af4220acdde5ab76d091edaa92f62e110f89131a56b11856f77779607/hidapi-0.15.0-cp313-cp313-musllinux_1_2_x86_64.whl", hash = "sha256:4f7a710df215ea3b53a81029488f78e7303b83f01a2e8478db20d7c9756588dd", size = 710213, upload-time = "2025-12-09T09:45:51.747Z" },
    { url = "https://files.pythonhosted.org/packages/f9/c7/52f2d903a607f024086829349383dcc7f0c22533fc242f26f9754eba2f06/hidapi-0.15.0-cp313-cp313-win32.whl", hash = "sha256:e4ddb57e71e2b8aca2c685b94b8587dc7d7cfae3c529a7c4076ba0775eb28d4a", size = 59749, upload-time = "2025-12-09T09:45:53.882Z" },
    { url = "https://files.pythonhosted.org/packages/d9/00/7dd3f866a748b0c9eb4adedaa025ec8c533ed1946e9e918661c948a5c0f4/hidapi-0.15.0-cp313-cp313-win_amd64.whl", hash = "sha256:04e0c1ed6d742bc6e1d00599394bec6b2afb8ee2fc5a0a183d3c4c2d4e315c34", size = 66362, upload-time = "2025-12-09T09:45:52.797Z" },
    { url = "https://files.pythonhosted.org/packages/0a/65/e9c70deb396f5baea92cd2ea7803914a55d455c3982367bae4390483e6cc/hidapi-0.15.0-cp314-cp314-macosx_10_15_x86_64.whl", hash = "sha256:0a6bb079bcd5152dd8968893aecdcbde3954b849896078f54df2254c0d1f301e", size = 69532, upload-time = "2025-12-09T09:45:55.269Z" },
    { url = "https://files.pythonhosted.org/packages/05/eb/d006a7e28ec63b5db76340e4aca6ff077ad336f8fbe64ac804b968927011/hidapi-0.15.0-cp314-cp314-macosx_11_0_arm64.whl", hash = "sha256:d80c745d285dfc9889e856226daa8eee6f9e83025ef2cb97e5fe0b1396f7818a", size = 69350, upload-time = "2025-12-09T09:45:56.695Z" },
    { url = "https://files.pythonhosted.org/packages/52/2b/95e7595eb61982c651ed2b3ecd9bae05a0298b668c801a992e4e814b22f2/hidapi-0.15.0-cp314-cp314-manylinux2014_x86_64.manylinux_2_17_x86_64.whl", hash = "sha256:b0f4411fd479345ca86742d9dda77200476a902749d8e47ed438f31ec98af418", size = 1065210, upload-time = "2025-12-09T09:46:02.484Z" },
    { url = "https://files.pythonhosted.org/packages/c7/a5/0344a7c223c3610510ec7f91f7220b0e5852c92d52aff23377f1c2888880/hidapi-0.15.0-cp314-cp314-manylinux_2_28_aarch64.whl", hash = "sha256:d93f7173dcbec61b928f4cf800bf26535f81ef3b7bd89199237207f6ca7e4f43", size = 1610362, upload-time = "2025-12-09T09:45:58.533Z" },
    { url = "https://files.pythonhosted.org/packages/d9/96/781212cf852705bc1db26edd4340b01b9ce04cadd5d327c00b64f7324978/hidapi-0.15.0-cp314-cp314-manylinux_2_28_i686.whl", hash = "sha256:dacf0b9e5d776fde69b92d68c09ab878a09486629e1fe8e6ae851252b0f33ce5", size = 1680942, upload-time = "2025-12-09T09:46:00.971Z" },
    { url = "https://files.pythonhosted.org/packages/d1/48/6d51a37d3a81355740a82cd265d4fc8485a0a279e4b545cbf790bd106f51/hidapi-0.15.0-cp314-cp314-musllinux_1_2_aarch64.whl", hash = "sha256:bda6ce04a77662e77a4b6b2598211935ca281e1cf663248d54bce75bd684fed8", size = 707550, upload-time = "2025-12-09T09:46:03.993Z" },
    { url = "https://files.pythonhosted.org/packages/86/77/175efa84ecea161c70948dc67b412b7444c2a196e4def8b305cb756077c6/hidapi-0.15.0-cp314-cp314-musllinux_1_2_i686.whl", hash = "sha256:74900b5c7e884e0e4316d4deb746e5dd294b5aaaf90eac056c4f9f19cf2c8097", size = 689865, upload-time = "2025-12-09T09:46:05.976Z" },
    { url = "https://files.pythonhosted.org/packages/7e/29/0e513390a8d686448672fabd30385f9cda6e01663765851d0cef88e6f0b1/hidapi-0.15.0-cp314-cp314-musllinux_1_2_x86_64.whl", hash = "sha256:76236468509dfcb256fa0fbd5a73708c598b3819695b7d08499ae489c82116b6", size = 706809, upload-time = "2025-12-09T09:46:07.309Z" },
    { url = "https://files.pythonhosted.org/packages/a2/d6/c0b9d8568fdb38eebb9caaa56643a81d92cccb5d59a5b44e0d975a0f3808/hidapi-0.15.0-cp314-cp314-win32.whl", hash = "sha256:901c03817306eac7edd589f09e0e07467871b45f665949cc4caa645b54abc97b", size = 61089, upload-time = "2025-12-09T09:46:09.59Z" },
    { url = "https://files.pythonhosted.org/packages/cb/14/3b27516b2867e53545164ebd8ef45d0c36857d2a062036e788e56e2e34ce/hidapi-0.15.0-cp314-cp314-win_amd64.whl", hash = "sha256:df0dd435562654e27ad0c7d045074eb1e1e016b09167dd48a258dec1ce4b9127", size = 67710, upload-time = "2025-12-09T09:46:08.677Z" },
    { url = "https://files.pythonhosted.org/packages/97/8f/ff034661faf99acaabe8954fb7db87c5242c79bf763dd972b23b1be5f104/hidapi-0.15.0-cp314-cp314t-macosx_10_15_x86_64.whl", hash = "sha256:2f16e9ea8a1d24ac7a6bf316905823eafd58f78ec815a93118d4710faf95a224", size = 70893, upload-time = "2025-12-09T09:46:10.625Z" },
    { url = "https://files.pythonhosted.org/packages/d8/44/617666a0919d06521d732ef07998306b8ddcbd96038e19348c831acd76e8/hidapi-0.15.0-cp314-cp314t-macosx_11_0_arm64.whl", hash = "sha256:77f0965ca81a9be44694e84aa18e501d5cda49e372202a38a52d22acc38deadd", size = 71430, upload-time = "2025-12-09T09:46:11.648Z" },
    { url = "https://files.pythonhosted.org/packages/64/64/129aed49fa45b6a5e2fd955618eebe93ff7e3889f05237da6b45051c77bb/hidapi-0.15.0-cp314-cp314t-manylinux2014_x86_64.manylinux_2_17_x86_64.whl", hash = "sha256:541c85b8225ce19b38ceacd404283ca1857345ccfa7ca12f54131203ff2d7f75", size = 1094257, upload-time = "2025-12-09T09:46:17.529Z" },
    { url = "https://files.pythonhosted.org/packages/17/ca/266ca521ff643957823a7f04a67030f6d2917e86e31c60c3d4878cd6b913/hidapi-0.15.0-cp314-cp314t-manylinux_2_28_aarch64.whl", hash = "sha256:89f909a6783307c2f067e8e7948f38ec43386f15d04759d11e5b32e3b2fdf3d8", size = 1663756, upload-time = "2025-12-09T09:46:13.403Z" },
    { url = "https://files.pythonhosted.org/packages/38/de/eb9d0fe6d9ccd2645e993930cc7fdeb6e12ddcdec086f3ef7dec947286ca/hidapi-0.15.0-cp314-cp314t-manylinux_2_28_i686.whl", hash = "sha256:fd32f311633fad21a52e750775cd4ea23da912199c63d1331f4d8ae00ab0874b", size = 1710998, upload-time = "2025-12-09T09:46:15.68Z" },
    { url = "https://files.pythonhosted.org/packages/07/43/e5c0cd80df4a65a468b7a9fc6891ea77435a75e64bb273104c37f12e05b3/hidapi-0.15.0-cp314-cp314t-musllinux_1_2_aarch64.whl", hash = "sha256:8f7ca38699557ab057333f1628a346073ae6088c09897b2cd9fbc68f4896780c", size = 751383, upload-time = "2025-12-09T09:46:19.183Z" },
    { url = "https://files.pythonhosted.org/packages/8c/8f/033e19857bcc3ad1b9880b5c0dfbaa7c945e577b7dee18919c1b2478484d/hidapi-0.15.0-cp314-cp314t-musllinux_1_2_i686.whl", hash = "sha256:1c4e707c82629637a311fa1a7adc1ae1386de7b539e84b4e37125e52e449318d", size = 722837, upload-time = "2025-12-09T09:46:20.707Z" },
    { url = "https://files.pythonhosted.org/packages/ff/f0/2b4e7ff42cdc6a6bf7def0591dfd3854af81038a1925ac1ed7a96578e834/hidapi-0.15.0-cp314-cp314t-musllinux_1_2_x86_64.whl", hash = "sha256:cc99bb16b359023190bf857297f6492a1c8441ccacff66dac881c9e278f5c262", size = 750923, upload-time = "2025-12-09T09:46:23.161Z" },
    { url = "https://files.pythonhosted.org/packages/bd/eb/c0676ff1f7e9ec9d99eaa428c66745cdab5b1742808f0c16061c85bd0b18/hidapi-0.15.0-cp314-cp314t-win32.whl", hash = "sha256:005c84c74c940a314b211674edc763a931ace0b63685ace88148496f563e25f9", size = 66288, upload-time = "2025-12-09T09:46:25.246Z" },
    { url = "https://files.pythonhosted.org/packages/cd/5b/f22dbf886824559d3e66d84710c5fb48c09856e6816885da97f2f51700eb/hidapi-0.15.0-cp314-cp314t-win_amd64.whl", hash = "sha256:e384430363d400c4ffb33fe65f22a61c9f288a870158dc5a9f5c9d917b7250c7", size = 74723, upload-time = "2025-12-09T09:46:24.36Z" },
]

[[package]]
name = "importlib-resources"
version = "6.5.2"
source = { registry = "https://pypi.org/simple" }
sdist = { url = "https://files.pythonhosted.org/packages/cf/8c/f834fbf984f691b4f7ff60f50b514cc3de5cc08abfc3295564dd89c5e2e7/importlib_resources-6.5.2.tar.gz", hash = "sha256:185f87adef5bcc288449d98fb4fba07cea78bc036455dd44c5fc4a2fe78fed2c", size = 44693, upload-time = "2025-01-03T18:51:56.698Z" }
wheels = [
    { url = "https://files.pythonhosted.org/packages/a4/ed/1f1afb2e9e7f38a545d628f864d562a5ae64fe6f7a10e28ffb9b185b4e89/importlib_resources-6.5.2-py3-none-any.whl", hash = "sha256:789cfdc3ed28c78b67a06acb8126751ced69a3d5f79c095a98298cd8a760ccec", size = 37461, upload-time = "2025-01-03T18:51:54.306Z" },
]

[[package]]
name = "libusb-package"
version = "1.0.26.3"
source = { registry = "https://pypi.org/simple" }
dependencies = [
    { name = "importlib-resources" },
]
wheels = [
    { url = "https://files.pythonhosted.org/packages/2e/f6/83e13936b5799360eae8f0e31b5b298dd092451b91136d7cd13852777954/libusb_package-1.0.26.3-cp312-cp312-macosx_10_13_x86_64.whl", hash = "sha256:c9404298485762a4e73b416e8a3208d33aa3274fb9b870c2a1cacba7e2918f19", size = 62045, upload-time = "2025-04-01T12:59:16.817Z" },
    { url = "https://files.pythonhosted.org/packages/33/97/86ed73880b6734c9383be5f34061b541e8fe5bd0303580b1f5abe2962d58/libusb_package-1.0.26.3-cp312-cp312-macosx_11_0_arm64.whl", hash = "sha256:8126f6711318dad4cb2805ea20cd47b895a847207087d8fdb032e082dd7a2e24", size = 59502, upload-time = "2025-04-01T12:59:17.72Z" },
    { url = "https://files.pythonhosted.org/packages/95/f7/27b67b8fe63450abf0b0b66aacf75d5d64cdf30317e214409ceb534f34b4/libusb_package-1.0.26.3-cp312-cp312-manylinux_2_17_aarch64.manylinux2014_aarch64.whl", hash = "sha256:11c219366e4a2368117b9a9807261f3506b5623531f8b8ce41af5bbaec8156a0", size = 70247, upload-time = "2025-04-01T14:53:14.387Z" },
    { url = "https://files.pythonhosted.org/packages/8c/11/613543f9c6dab5a82eefd0c78d52d08b5d9eb93a0362151fbedf74b32541/libusb_package-1.0.26.3-cp312-cp312-manylinux_2_17_i686.manylinux2014_i686.whl", hash = "sha256:8809a50d8ab84297344c54e862027090c0d73b14abef843a8b5f783313f49457", size = 74537, upload-time = "2025-04-01T14:53:15.345Z" },
    { url = "https://files.pythonhosted.org/packages/f0/43/5a2331615693b56221a902869fb2094d9a0b9a764a8706c8ba16e915f77c/libusb_package-1.0.26.3-cp312-cp312-manylinux_2_17_x86_64.manylinux2014_x86_64.whl", hash = "sha256:a83067c3dfdbb3856badb4532eaea22e8502b52ce4245f5ab46acf93d7fbd471", size = 70652, upload-time = "2025-04-01T14:53:16.319Z" },
    { url = "https://files.pythonhosted.org/packages/44/1a/186d4ec86421b69feb45e214edb5301fbcb9e8dc9df963678aeff1a447d5/libusb_package-1.0.26.3-cp312-cp312-musllinux_1_2_aarch64.whl", hash = "sha256:b56be087ea9cde8e50fb02740a4f0cefb6f63c61ac2e7812a9244487614a3973", size = 71860, upload-time = "2025-04-01T14:53:17.87Z" },
    { url = "https://files.pythonhosted.org/packages/4b/3c/8cebdad822d7bfcb683a77d5fd113fbc6f72516cfb7c1c3a274fefafa8e9/libusb_package-1.0.26.3-cp312-cp312-musllinux_1_2_i686.whl", hash = "sha256:ea0f6bf40e54b1671e763e40c9dbed46bf7f596a4cd98b7c827e147f176d8c97", size = 76476, upload-time = "2025-04-01T14:53:19.202Z" },
    { url = "https://files.pythonhosted.org/packages/49/5f/30c625b6c4ecd14871644c1d16e97d7c971f82a0f87a9cfa81022f85bcfc/libusb_package-1.0.26.3-cp312-cp312-musllinux_1_2_x86_64.whl", hash = "sha256:b40f77df991c6db8621de9575504886eca03a00277e521a4d64b66cbef8f6997", size = 71037, upload-time = "2025-04-01T14:53:21.359Z" },
    { url = "https://files.pythonhosted.org/packages/7f/e9/3aa3ff3242867b7f22ee3ce28d0e93ff88547f170ca1b8a6edc59660d974/libusb_package-1.0.26.3-cp312-cp312-win32.whl", hash = "sha256:6eee99c9fde137443869c8604d0c01b2127a9545ebc59d06a3376cf1d891e786", size = 77642, upload-time = "2025-04-01T12:58:05.471Z" },
    { url = "https://files.pythonhosted.org/packages/15/0e/913ddb1849f828fc385438874c34541939d9b06c0e5616f48f24cddd24de/libusb_package-1.0.26.3-cp312-cp312-win_amd64.whl", hash = "sha256:5e09c0b6b3cd475841cffe78e46e91df58f0c6c02ea105ea1a4d0755a07c8006", size = 90593, upload-time = "2025-04-01T12:58:06.798Z" },
    { url = "https://files.pythonhosted.org/packages/b4/b8/23bc7f3f53b4a5b1027c721ec3eb42324ca1ec56355f0d0851307adc7c6c/libusb_package-1.0.26.3-cp313-cp313-macosx_10_13_x86_64.whl", hash = "sha256:04c4505e2ca68d3dc6938f116ff9bf82daffb06c1a97aba08293a84715a998da", size = 62045, upload-time = "2025-04-01T12:59:18.698Z" },
    { url = "https://files.pythonhosted.org/packages/a2/f8/e3be96d0604070488ddc5ce5af1976992e1f4a00e6441c94edf807f274d5/libusb_package-1.0.26.3-cp313-cp313-macosx_11_0_arm64.whl", hash = "sha256:4961cdb3c622aa9f858d3e4f99a58ce5e822a97c22abc77040fd806cb5fa4c66", size = 59502, upload-time = "2025-04-01T12:59:19.632Z" },
    { url = "https://files.pythonhosted.org/packages/24/d5/df1508df5e6776ac8a09a2858991df29bc96ea6a0d1f90240b1c4d59b45d/libusb_package-1.0.26.3-cp313-cp313-manylinux_2_17_aarch64.manylinux2014_aarch64.whl", hash = "sha256:16182670e0c23235521b447054c5a01600bd8f1eed3bb08eedbb0d9f8a43249f", size = 70247, upload-time = "2025-04-01T14:53:22.328Z" },
    { url = "https://files.pythonhosted.org/packages/65/01/4cc9eed12b9214c088cfa8055ece3b1db970404400be9d7e3dda68d198f2/libusb_package-1.0.26.3-cp313-cp313-manylinux_2_17_i686.manylinux2014_i686.whl", hash = "sha256:75ea57b2cc903d28ec1d4b909902df442cbf21949d80d5b3d8b9dac36ac45d1a", size = 74537, upload-time = "2025-04-01T14:53:23.306Z" },
    { url = "https://files.pythonhosted.org/packages/99/83/9eb317f706f588f4b6679bddb8abee3b115ce53dc3fa560cca59910f8807/libusb_package-1.0.26.3-cp313-cp313-manylinux_2_17_x86_64.manylinux2014_x86_64.whl", hash = "sha256:10d30b51b128ef5112fff73268b4696fea00b5676b3f39a5ee859bd76cb3ace5", size = 70651, upload-time = "2025-04-01T14:53:24.33Z" },
    { url = "https://files.pythonhosted.org/packages/22/49/85d3b307b4a20cf0150ab381e6e0385e5b78cb5dede8bade0a2d655d3fd3/libusb_package-1.0.26.3-cp313-cp313-musllinux_1_2_aarch64.whl", hash = "sha256:5c098dcfcfa8000cab42f33e19628c8fdb16111670db381048b2993651f2413b", size = 71860, upload-time = "2025-04-01T14:53:25.752Z" },
    { url = "https://files.pythonhosted.org/packages/da/7a/2271a5ae542d9036d9254415ae745d5c5d01a08d56d13054b2439bf9d392/libusb_package-1.0.26.3-cp313-cp313-musllinux_1_2_i686.whl", hash = "sha256:93169aeab0657255fe6c9f757cf408f559db13827a1d122fc89239994d7d51f1", size = 76477, upload-time = "2025-04-01T14:53:27.564Z" },
    { url = "https://files.pythonhosted.org/packages/5c/9d/d06d53994bb164564ec142ef631a4afa31e324994cf223f169ecca127f3a/libusb_package-1.0.26.3-cp313-cp313-musllinux_1_2_x86_64.whl", hash = "sha256:63257653ee1ee06aa836e942f4bb89a1d7a0c6ae3d6183647a9011e585ffa1e3", size = 71036, upload-time = "2025-04-01T14:53:29.011Z" },
    { url = "https://files.pythonhosted.org/packages/32/3d/97f775a1d582548b1eb2a42444c58813e5fd93d568fc3b9ace59f64df527/libusb_package-1.0.26.3-cp313-cp313-win32.whl", hash = "sha256:05db4cc801db2e6373a808725748a701509f9450fecf393fbebab61c45d50b50", size = 77642, upload-time = "2025-04-01T12:58:07.774Z" },
    { url = "https://files.pythonhosted.org/packages/f1/c4/d5234607697ca60593fbef88428a154317ac31f5c58ee23337b8a9360e91/libusb_package-1.0.26.3-cp313-cp313-win_amd64.whl", hash = "sha256:1cd4aec825dac2b4fa5d23b37f6d72e63a1127987e5a073dabeb7b73528623a3", size = 90593, upload-time = "2025-04-01T12:58:08.676Z" },
]

[[package]]
name = "motospeed-x6-testing"
version = "0.1.0"
source = { virtual = "." }
dependencies = [
    { name = "hidapi" },
    { name = "libusb-package" },
    { name = "pyusb" },
]

[package.metadata]
requires-dist = [
    { name = "hidapi", specifier = ">=0.15.0" },
    { name = "libusb-package", specifier = ">=1.0.26.3" },
    { name = "pyusb", specifier = ">=1.3.1" },
]

[[package]]
name = "pyusb"
version = "1.3.1"
source = { registry = "https://pypi.org/simple" }
sdist = { url = "https://files.pythonhosted.org/packages/00/6b/ce3727395e52b7b76dfcf0c665e37d223b680b9becc60710d4bc08b7b7cb/pyusb-1.3.1.tar.gz", hash = "sha256:3af070b607467c1c164f49d5b0caabe8ac78dbed9298d703a8dbf9df4052d17e", size = 77281, upload-time = "2025-01-08T23:45:01.866Z" }
wheels = [
    { url = "https://files.pythonhosted.org/packages/28/b8/27e6312e86408a44fe16bd28ee12dd98608b39f7e7e57884a24e8f29b573/pyusb-1.3.1-py3-none-any.whl", hash = "sha256:bf9b754557af4717fe80c2b07cc2b923a9151f5c08d17bdb5345dac09d6a0430", size = 58465, upload-time = "2025-01-08T23:45:00.029Z" },
]
